
Microsoft Visual Studio Solution File, Format Version 12.00
# Visual Studio Version 17
VisualStudioVersion = 17.11.35312.102
MinimumVisualStudioVersion = 10.0.40219.1
Project("{9A19103F-16F7-4668-BE54-9A1E7A4F7556}") = "ProjectEclipse.SSGI", "ProjectEclipse.SSGI\ProjectEclipse.SSGI.csproj", "{D90222DC-5641-49E4-A930-6FE6E04154DB}"
EndProject
Global
	GlobalSection(SolutionConfigurationPlatforms) = preSolution
		D3D_Debug|Any CPU = D3D_Debug|Any CPU
		Debug|Any CPU = Debug|Any CPU
		Release|Any CPU = Release|Any CPU
	EndGlobalSection
	GlobalSection(ProjectConfigurationPlatforms) = postSolution
		{D90222DC-5641-49E4-A930-6FE6E04154DB}.D3D_Debug|Any CPU.ActiveCfg = D3D_Debug|Any CPU
		{D90222DC-5641-49E4-A930-6FE6E04154DB}.D3D_Debug|Any CPU.Build.0 = D3D_Debug|Any CPU
		{D90222DC-5641-49E4-A930-6FE6E04154DB}.Debug|Any CPU.ActiveCfg = Debug|Any CPU
		{D90222DC-5641-49E4-A930-6FE6E04154DB}.Debug|Any CPU.Build.0 = Debug|Any CPU
		{D90222DC-5641-49E4-A930-6FE6E04154DB}.Release|Any CPU.ActiveCfg = Release|Any CPU
		{D90222DC-5641-49E4-A930-6FE6E04154DB}.Release|Any CPU.Build.0 = Release|Any CPU
	EndGlobalSection
	GlobalSection(SolutionProperties) = preSolution
		HideSolutionNode = FALSE
	EndGlobalSection
	GlobalSection(ExtensibilityGlobals) = postSolution
		SolutionGuid = {63548CF5-FE83-42B8-8710-E784C41A5D60}
	EndGlobalSection
EndGlobal
